// !$*UTF8*$!
{
	archiveVersion = 1;
	classes = {
	};
	objectVersion = 46;
	objects = {

/* Begin PBXBuildFile section */
		D00E58391DC192B300B59DA0 /* PageTitleView.swift in Sources */ = {isa = PBXBuildFile; fileRef = D00E58381DC192B300B59DA0 /* PageTitleView.swift */; };
		D00E583B1DC1A5CB00B59DA0 /* UIColor-Extension.swift in Sources */ = {isa = PBXBuildFile; fileRef = D00E583A1DC1A5CB00B59DA0 /* UIColor-Extension.swift */; };
		D02AD5111DAF680900F2CB04 /* Home.storyboard in Resources */ = {isa = PBXBuildFile; fileRef = D02AD5101DAF680900F2CB04 /* Home.storyboard */; };
		D02AD5131DAF683100F2CB04 /* Live.storyboard in Resources */ = {isa = PBXBuildFile; fileRef = D02AD5121DAF683100F2CB04 /* Live.storyboard */; };
		D02AD5151DAF684E00F2CB04 /* Follow.storyboard in Resources */ = {isa = PBXBuildFile; fileRef = D02AD5141DAF684E00F2CB04 /* Follow.storyboard */; };
		D02AD5171DAF686900F2CB04 /* Profile.storyboard in Resources */ = {isa = PBXBuildFile; fileRef = D02AD5161DAF686900F2CB04 /* Profile.storyboard */; };
		D02AD5191DAF697D00F2CB04 /* MainViewController.swift in Sources */ = {isa = PBXBuildFile; fileRef = D02AD5181DAF697D00F2CB04 /* MainViewController.swift */; };
		D02AD51B1DAF69B000F2CB04 /* LiveViewController.swift in Sources */ = {isa = PBXBuildFile; fileRef = D02AD51A1DAF69B000F2CB04 /* LiveViewController.swift */; };
		D02AD51D1DAF69B900F2CB04 /* HomeViewController.swift in Sources */ = {isa = PBXBuildFile; fileRef = D02AD51C1DAF69B900F2CB04 /* HomeViewController.swift */; };
		D02AD51F1DAF69C100F2CB04 /* FollowViewController.swift in Sources */ = {isa = PBXBuildFile; fileRef = D02AD51E1DAF69C100F2CB04 /* FollowViewController.swift */; };
		D02AD5211DAF6AA000F2CB04 /* ProfileViewController.swift in Sources */ = {isa = PBXBuildFile; fileRef = D02AD5201DAF6AA000F2CB04 /* ProfileViewController.swift */; };
		D02AD5241DAF71FB00F2CB04 /* UIBarButtonItem-Extension.swift in Sources */ = {isa = PBXBuildFile; fileRef = D02AD5231DAF71FB00F2CB04 /* UIBarButtonItem-Extension.swift */; };
		D05A22191DAF2E0E00EB041C /* AppDelegate.swift in Sources */ = {isa = PBXBuildFile; fileRef = D05A22181DAF2E0E00EB041C /* AppDelegate.swift */; };
		D05A221E1DAF2E0E00EB041C /* Main.storyboard in Resources */ = {isa = PBXBuildFile; fileRef = D05A221C1DAF2E0E00EB041C /* Main.storyboard */; };
		D05A22201DAF2E0E00EB041C /* Assets.xcassets in Resources */ = {isa = PBXBuildFile; fileRef = D05A221F1DAF2E0E00EB041C /* Assets.xcassets */; };
		D05D4DE320DB8FDB00A18200 /* Common.swift in Sources */ = {isa = PBXBuildFile; fileRef = D05D4DE220DB8FDB00A18200 /* Common.swift */; };
/* End PBXBuildFile section */

/* Begin PBXFileReference section */
		D00E58381DC192B300B59DA0 /* PageTitleView.swift */ = {isa = PBXFileReference; fileEncoding = 4; lastKnownFileType = sourcecode.swift; path = PageTitleView.swift; sourceTree = "<group>"; };
		D00E583A1DC1A5CB00B59DA0 /* UIColor-Extension.swift */ = {isa = PBXFileReference; fileEncoding = 4; lastKnownFileType = sourcecode.swift; path = "UIColor-Extension.swift"; sourceTree = "<group>"; };
		D02AD5101DAF680900F2CB04 /* Home.storyboard */ = {isa = PBXFileReference; fileEncoding = 4; lastKnownFileType = file.storyboard; path = Home.storyboard; sourceTree = "<group>"; };
		D02AD5121DAF683100F2CB04 /* Live.storyboard */ = {isa = PBXFileReference; fileEncoding = 4; lastKnownFileType = file.storyboard; path = Live.storyboard; sourceTree = "<group>"; };
		D02AD5141DAF684E00F2CB04 /* Follow.storyboard */ = {isa = PBXFileReference; fileEncoding = 4; lastKnownFileType = file.storyboard; path = Follow.storyboard; sourceTree = "<group>"; };
		D02AD5161DAF686900F2CB04 /* Profile.storyboard */ = {isa = PBXFileReference; fileEncoding = 4; lastKnownFileType = file.storyboard; path = Profile.storyboard; sourceTree = "<group>"; };
		D02AD5181DAF697D00F2CB04 /* MainViewController.swift */ = {isa = PBXFileReference; fileEncoding = 4; lastKnownFileType = sourcecode.swift; path = MainViewController.swift; sourceTree = "<group>"; };
		D02AD51A1DAF69B000F2CB04 /* LiveViewController.swift */ = {isa = PBXFileReference; fileEncoding = 4; lastKnownFileType = sourcecode.swift; path = LiveViewController.swift; sourceTree = "<group>"; };
		D02AD51C1DAF69B900F2CB04 /* HomeViewController.swift */ = {isa = PBXFileReference; fileEncoding = 4; lastKnownFileType = sourcecode.swift; path = HomeViewController.swift; sourceTree = "<group>"; };
		D02AD51E1DAF69C100F2CB04 /* FollowViewController.swift */ = {isa = PBXFileReference; fileEncoding = 4; lastKnownFileType = sourcecode.swift; path = FollowViewController.swift; sourceTree = "<group>"; };
		D02AD5201DAF6AA000F2CB04 /* ProfileViewController.swift */ = {isa = PBXFileReference; fileEncoding = 4; lastKnownFileType = sourcecode.swift; path = ProfileViewController.swift; sourceTree = "<group>"; };
		D02AD5231DAF71FB00F2CB04 /* UIBarButtonItem-Extension.swift */ = {isa = PBXFileReference; fileEncoding = 4; lastKnownFileType = sourcecode.swift; path = "UIBarButtonItem-Extension.swift"; sourceTree = "<group>"; };
		D05A22151DAF2E0E00EB041C /* DYZBPractice.app */ = {isa = PBXFileReference; explicitFileType = wrapper.application; includeInIndex = 0; path = DYZBPractice.app; sourceTree = BUILT_PRODUCTS_DIR; };
		D05A22181DAF2E0E00EB041C /* AppDelegate.swift */ = {isa = PBXFileReference; lastKnownFileType = sourcecode.swift; path = AppDelegate.swift; sourceTree = "<group>"; };
		D05A221D1DAF2E0E00EB041C /* Base */ = {isa = PBXFileReference; lastKnownFileType = file.storyboard; name = Base; path = Base.lproj/Main.storyboard; sourceTree = "<group>"; };
		D05A221F1DAF2E0E00EB041C /* Assets.xcassets */ = {isa = PBXFileReference; lastKnownFileType = folder.assetcatalog; path = Assets.xcassets; sourceTree = "<group>"; };
		D05A22241DAF2E0E00EB041C /* Info.plist */ = {isa = PBXFileReference; lastKnownFileType = text.plist.xml; path = Info.plist; sourceTree = "<group>"; };
		D05D4DE220DB8FDB00A18200 /* Common.swift */ = {isa = PBXFileReference; lastKnownFileType = sourcecode.swift; path = Common.swift; sourceTree = "<group>"; };
/* End PBXFileReference section */

/* Begin PBXFrameworksBuildPhase section */
		D05A22121DAF2E0E00EB041C /* Frameworks */ = {
			isa = PBXFrameworksBuildPhase;
			buildActionMask = 2147483647;
			files = (
			);
			runOnlyForDeploymentPostprocessing = 0;
		};
/* End PBXFrameworksBuildPhase section */

/* Begin PBXGroup section */
		D02AD4F61DAF628900F2CB04 /* Classes */ = {
			isa = PBXGroup;
			children = (
				D02AD5031DAF628900F2CB04 /* Main */,
				D02AD4FB1DAF628900F2CB04 /* Home */,
				D02AD4FF1DAF628900F2CB04 /* Live */,
				D02AD4F71DAF628900F2CB04 /* Follow */,
				D02AD5071DAF628900F2CB04 /* Profile */,
				D02AD50B1DAF628900F2CB04 /* Tools */,
			);
			path = Classes;
			sourceTree = "<group>";
		};
		D02AD4F71DAF628900F2CB04 /* Follow */ = {
			isa = PBXGroup;
			children = (
				D02AD4F81DAF628900F2CB04 /* Controller */,
				D02AD4F91DAF628900F2CB04 /* Model */,
				D02AD4FA1DAF628900F2CB04 /* View */,
			);
			path = Follow;
			sourceTree = "<group>";
		};
		D02AD4F81DAF628900F2CB04 /* Controller */ = {
			isa = PBXGroup;
			children = (
				D02AD5141DAF684E00F2CB04 /* Follow.storyboard */,
				D02AD51E1DAF69C100F2CB04 /* FollowViewController.swift */,
			);
			path = Controller;
			sourceTree = "<group>";
		};
		D02AD4F91DAF628900F2CB04 /* Model */ = {
			isa = PBXGroup;
			children = (
			);
			path = Model;
			sourceTree = "<group>";
		};
		D02AD4FA1DAF628900F2CB04 /* View */ = {
			isa = PBXGroup;
			children = (
			);
			path = View;
			sourceTree = "<group>";
		};
		D02AD4FB1DAF628900F2CB04 /* Home */ = {
			isa = PBXGroup;
			children = (
				D02AD4FC1DAF628900F2CB04 /* Controller */,
				D02AD4FD1DAF628900F2CB04 /* Model */,
				D02AD4FE1DAF628900F2CB04 /* View */,
			);
			path = Home;
			sourceTree = "<group>";
		};
		D02AD4FC1DAF628900F2CB04 /* Controller */ = {
			isa = PBXGroup;
			children = (
				D02AD5101DAF680900F2CB04 /* Home.storyboard */,
				D02AD51C1DAF69B900F2CB04 /* HomeViewController.swift */,
			);
			path = Controller;
			sourceTree = "<group>";
		};
		D02AD4FD1DAF628900F2CB04 /* Model */ = {
			isa = PBXGroup;
			children = (
			);
			path = Model;
			sourceTree = "<group>";
		};
		D02AD4FE1DAF628900F2CB04 /* View */ = {
			isa = PBXGroup;
			children = (
			);
			path = View;
			sourceTree = "<group>";
		};
		D02AD4FF1DAF628900F2CB04 /* Live */ = {
			isa = PBXGroup;
			children = (
				D02AD5001DAF628900F2CB04 /* Controller */,
				D02AD5011DAF628900F2CB04 /* Model */,
				D02AD5021DAF628900F2CB04 /* View */,
			);
			path = Live;
			sourceTree = "<group>";
		};
		D02AD5001DAF628900F2CB04 /* Controller */ = {
			isa = PBXGroup;
			children = (
				D02AD5121DAF683100F2CB04 /* Live.storyboard */,
				D02AD51A1DAF69B000F2CB04 /* LiveViewController.swift */,
			);
			path = Controller;
			sourceTree = "<group>";
		};
		D02AD5011DAF628900F2CB04 /* Model */ = {
			isa = PBXGroup;
			children = (
			);
			path = Model;
			sourceTree = "<group>";
		};
		D02AD5021DAF628900F2CB04 /* View */ = {
			isa = PBXGroup;
			children = (
			);
			path = View;
			sourceTree = "<group>";
		};
		D02AD5031DAF628900F2CB04 /* Main */ = {
			isa = PBXGroup;
			children = (
				D02AD5041DAF628900F2CB04 /* Controller */,
				D02AD5051DAF628900F2CB04 /* Model */,
				D02AD5061DAF628900F2CB04 /* View */,
			);
			path = Main;
			sourceTree = "<group>";
		};
		D02AD5041DAF628900F2CB04 /* Controller */ = {
			isa = PBXGroup;
			children = (
				D05A221C1DAF2E0E00EB041C /* Main.storyboard */,
				D02AD5181DAF697D00F2CB04 /* MainViewController.swift */,
			);
			path = Controller;
			sourceTree = "<group>";
		};
		D02AD5051DAF628900F2CB04 /* Model */ = {
			isa = PBXGroup;
			children = (
			);
			path = Model;
			sourceTree = "<group>";
		};
		D02AD5061DAF628900F2CB04 /* View */ = {
			isa = PBXGroup;
			children = (
				D00E58381DC192B300B59DA0 /* PageTitleView.swift */,
			);
			path = View;
			sourceTree = "<group>";
		};
		D02AD5071DAF628900F2CB04 /* Profile */ = {
			isa = PBXGroup;
			children = (
				D02AD5081DAF628900F2CB04 /* Controller */,
				D02AD5091DAF628900F2CB04 /* Model */,
				D02AD50A1DAF628900F2CB04 /* View */,
			);
			path = Profile;
			sourceTree = "<group>";
		};
		D02AD5081DAF628900F2CB04 /* Controller */ = {
			isa = PBXGroup;
			children = (
				D02AD5161DAF686900F2CB04 /* Profile.storyboard */,
				D02AD5201DAF6AA000F2CB04 /* ProfileViewController.swift */,
			);
			path = Controller;
			sourceTree = "<group>";
		};
		D02AD5091DAF628900F2CB04 /* Model */ = {
			isa = PBXGroup;
			children = (
			);
			path = Model;
			sourceTree = "<group>";
		};
		D02AD50A1DAF628900F2CB04 /* View */ = {
			isa = PBXGroup;
			children = (
			);
			path = View;
			sourceTree = "<group>";
		};
		D02AD50B1DAF628900F2CB04 /* Tools */ = {
			isa = PBXGroup;
			children = (
				D02AD5221DAF705000F2CB04 /* Extension */,
				D05D4DE220DB8FDB00A18200 /* Common.swift */,
			);
			path = Tools;
			sourceTree = "<group>";
		};
		D02AD5221DAF705000F2CB04 /* Extension */ = {
			isa = PBXGroup;
			children = (
				D02AD5231DAF71FB00F2CB04 /* UIBarButtonItem-Extension.swift */,
				D00E583A1DC1A5CB00B59DA0 /* UIColor-Extension.swift */,
			);
			path = Extension;
			sourceTree = "<group>";
		};
		D05A220C1DAF2E0E00EB041C = {
			isa = PBXGroup;
			children = (
				D05A22171DAF2E0E00EB041C /* DYZBPractice */,
				D05A22161DAF2E0E00EB041C /* Products */,
			);
			sourceTree = "<group>";
		};
		D05A22161DAF2E0E00EB041C /* Products */ = {
			isa = PBXGroup;
			children = (
				D05A22151DAF2E0E00EB041C /* DYZBPractice.app */,
			);
			name = Products;
			sourceTree = "<group>";
		};
		D05A22171DAF2E0E00EB041C /* DYZBPractice */ = {
			isa = PBXGroup;
			children = (
				D02AD4F61DAF628900F2CB04 /* Classes */,
				D05A22181DAF2E0E00EB041C /* AppDelegate.swift */,
				D05A221F1DAF2E0E00EB041C /* Assets.xcassets */,
				D05A22241DAF2E0E00EB041C /* Info.plist */,
			);
			path = DYZBPractice;
			sourceTree = "<group>";
		};
/* End PBXGroup section */

/* Begin PBXNativeTarget section */
		D05A22141DAF2E0E00EB041C /* DYZBPractice */ = {
			isa = PBXNativeTarget;
			buildConfigurationList = D05A22271DAF2E0E00EB041C /* Build configuration list for PBXNativeTarget "DYZBPractice" */;
			buildPhases = (
				D05A22111DAF2E0E00EB041C /* Sources */,
				D05A22121DAF2E0E00EB041C /* Frameworks */,
				D05A22131DAF2E0E00EB041C /* Resources */,
			);
			buildRules = (
			);
			dependencies = (
			);
			name = DYZBPractice;
			productName = DYZBPractice;
			productReference = D05A22151DAF2E0E00EB041C /* DYZBPractice.app */;
			productType = "com.apple.product-type.application";
		};
/* End PBXNativeTarget section */

/* Begin PBXProject section */
		D05A220D1DAF2E0E00EB041C /* Project object */ = {
			isa = PBXProject;
			attributes = {
				LastSwiftUpdateCheck = 0800;
				LastUpgradeCheck = 0800;
				ORGANIZATIONNAME = peter;
				TargetAttributes = {
					D05A22141DAF2E0E00EB041C = {
						CreatedOnToolsVersion = 8.0;
						DevelopmentTeam = 9V6VDDSTH6;
						ProvisioningStyle = Automatic;
					};
				};
			};
			buildConfigurationList = D05A22101DAF2E0E00EB041C /* Build configuration list for PBXProject "DYZBPractice" */;
			compatibilityVersion = "Xcode 3.2";
			developmentRegion = English;
			hasScannedForEncodings = 0;
			knownRegions = (
				en,
				Base,
			);
			mainGroup = D05A220C1DAF2E0E00EB041C;
			productRefGroup = D05A22161DAF2E0E00EB041C /* Products */;
			projectDirPath = "";
			projectRoot = "";
			targets = (
				D05A22141DAF2E0E00EB041C /* DYZBPractice */,
			);
		};
/* End PBXProject section */

/* Begin PBXResourcesBuildPhase section */
		D05A22131DAF2E0E00EB041C /* Resources */ = {
			isa = PBXResourcesBuildPhase;
			buildActionMask = 2147483647;
			files = (
				D02AD5171DAF686900F2CB04 /* Profile.storyboard in Resources */,
				D02AD5151DAF684E00F2CB04 /* Follow.storyboard in Resources */,
				D02AD5111DAF680900F2CB04 /* Home.storyboard in Resources */,
				D05A22201DAF2E0E00EB041C /* Assets.xcassets in Resources */,
				D02AD5131DAF683100F2CB04 /* Live.storyboard in Resources */,
				D05A221E1DAF2E0E00EB041C /* Main.storyboard in Resources */,
			);
			runOnlyForDeploymentPostprocessing = 0;
		};
/* End PBXResourcesBuildPhase section */

/* Begin PBXSourcesBuildPhase section */
		D05A22111DAF2E0E00EB041C /* Sources */ = {
			isa = PBXSourcesBuildPhase;
			buildActionMask = 2147483647;
			files = (
				D00E58391DC192B300B59DA0 /* PageTitleView.swift in Sources */,
				D02AD5211DAF6AA000F2CB04 /* ProfileViewController.swift in Sources */,
				D02AD5191DAF697D00F2CB04 /* MainViewController.swift in Sources */,
				D02AD51B1DAF69B000F2CB04 /* LiveViewController.swift in Sources */,
				D00E583B1DC1A5CB00B59DA0 /* UIColor-Extension.swift in Sources */,
				D02AD51F1DAF69C100F2CB04 /* FollowViewController.swift in Sources */,
				D05A22191DAF2E0E00EB041C /* AppDelegate.swift in Sources */,
				D02AD51D1DAF69B900F2CB04 /* HomeViewController.swift in Sources */,
				D05D4DE320DB8FDB00A18200 /* Common.swift in Sources */,
				D02AD5241DAF71FB00F2CB04 /* UIBarButtonItem-Extension.swift in Sources */,
			);
			runOnlyForDeploymentPostprocessing = 0;
		};
/* End PBXSourcesBuildPhase section */

/* Begin PBXVariantGroup section */
		D05A221C1DAF2E0E00EB041C /* Main.storyboard */ = {
			isa = PBXVariantGroup;
			children = (
				D05A221D1DAF2E0E00EB041C /* Base */,
			);
			name = Main.storyboard;
			path = ../../..;
			sourceTree = "<group>";
		};
/* End PBXVariantGroup section */

/* Begin XCBuildConfiguration section */
		D05A22251DAF2E0E00EB041C /* Debug */ = {
			isa = XCBuildConfiguration;
			buildSettings = {
				ALWAYS_SEARCH_USER_PATHS = NO;
				CLANG_ANALYZER_NONNULL = YES;
				CLANG_CXX_LANGUAGE_STANDARD = "gnu++0x";
				CLANG_CXX_LIBRARY = "libc++";
				CLANG_ENABLE_MODULES = YES;
				CLANG_ENABLE_OBJC_ARC = YES;
				CLANG_WARN_BOOL_CONVERSION = YES;
				CLANG_WARN_CONSTANT_CONVERSION = YES;
				CLANG_WARN_DIRECT_OBJC_ISA_USAGE = YES_ERROR;
				CLANG_WARN_DOCUMENTATION_COMMENTS = YES;
				CLANG_WARN_EMPTY_BODY = YES;
				CLANG_WARN_ENUM_CONVERSION = YES;
				CLANG_WARN_INFINITE_RECURSION = YES;
				CLANG_WARN_INT_CONVERSION = YES;
				CLANG_WARN_OBJC_ROOT_CLASS = YES_ERROR;
				CLANG_WARN_SUSPICIOUS_MOVES = YES;
				CLANG_WARN_UNREACHABLE_CODE = YES;
				CLANG_WARN__DUPLICATE_METHOD_MATCH = YES;
				"CODE_SIGN_IDENTITY[sdk=iphoneos*]" = "iPhone Developer";
				COPY_PHASE_STRIP = NO;
				DEBUG_INFORMATION_FORMAT = dwarf;
				ENABLE_STRICT_OBJC_MSGSEND = YES;
				ENABLE_TESTABILITY = YES;
				GCC_C_LANGUAGE_STANDARD = gnu99;
				GCC_DYNAMIC_NO_PIC = NO;
				GCC_NO_COMMON_BLOCKS = YES;
				GCC_OPTIMIZATION_LEVEL = 0;
				GCC_PREPROCESSOR_DEFINITIONS = (
					"DEBUG=1",
					"$(inherited)",
				);
				GCC_WARN_64_TO_32_BIT_CONVERSION = YES;
				GCC_WARN_ABOUT_RETURN_TYPE = YES_ERROR;
				GCC_WARN_UNDECLARED_SELECTOR = YES;
				GCC_WARN_UNINITIALIZED_AUTOS = YES_AGGRESSIVE;
				GCC_WARN_UNUSED_FUNCTION = YES;
				GCC_WARN_UNUSED_VARIABLE = YES;
				IPHONEOS_DEPLOYMENT_TARGET = 10.0;
				MTL_ENABLE_DEBUG_INFO = YES;
				ONLY_ACTIVE_ARCH = YES;
				SDKROOT = iphoneos;
				SWIFT_ACTIVE_COMPILATION_CONDITIONS = DEBUG;
				SWIFT_OPTIMIZATION_LEVEL = "-Onone";
			};
			name = Debug;
		};
		D05A22261DAF2E0E00EB041C /* Release */ = {
			isa = XCBuildConfiguration;
			buildSettings = {
				ALWAYS_SEARCH_USER_PATHS = NO;
				CLANG_ANALYZER_NONNULL = YES;
				CLANG_CXX_LANGUAGE_STANDARD = "gnu++0x";
				CLANG_CXX_LIBRARY = "libc++";
				CLANG_ENABLE_MODULES = YES;
				CLANG_ENABLE_OBJC_ARC = YES;
				CLANG_WARN_BOOL_CONVERSION = YES;
				CLANG_WARN_CONSTANT_CONVERSION = YES;
				CLANG_WARN_DIRECT_OBJC_ISA_USAGE = YES_ERROR;
				CLANG_WARN_DOCUMENTATION_COMMENTS = YES;
				CLANG_WARN_EMPTY_BODY = YES;
				CLANG_WARN_ENUM_CONVERSION = YES;
				CLANG_WARN_INFINITE_RECURSION = YES;
				CLANG_WARN_INT_CONVERSION = YES;
				CLANG_WARN_OBJC_ROOT_CLASS = YES_ERROR;
				CLANG_WARN_SUSPICIOUS_MOVES = YES;
				CLANG_WARN_UNREACHABLE_CODE = YES;
				CLANG_WARN__DUPLICATE_METHOD_MATCH = YES;
				"CODE_SIGN_IDENTITY[sdk=iphoneos*]" = "iPhone Developer";
				COPY_PHASE_STRIP = NO;
				DEBUG_INFORMATION_FORMAT = "dwarf-with-dsym";
				ENABLE_NS_ASSERTIONS = NO;
				ENABLE_STRICT_OBJC_MSGSEND = YES;
				GCC_C_LANGUAGE_STANDARD = gnu99;
				GCC_NO_COMMON_BLOCKS = YES;
				GCC_WARN_64_TO_32_BIT_CONVERSION = YES;
				GCC_WARN_ABOUT_RETURN_TYPE = YES_ERROR;
				GCC_WARN_UNDECLARED_SELECTOR = YES;
				GCC_WARN_UNINITIALIZED_AUTOS = YES_AGGRESSIVE;
				GCC_WARN_UNUSED_FUNCTION = YES;
				GCC_WARN_UNUSED_VARIABLE = YES;
				IPHONEOS_DEPLOYMENT_TARGET = 10.0;
				MTL_ENABLE_DEBUG_INFO = NO;
				SDKROOT = iphoneos;
				SWIFT_OPTIMIZATION_LEVEL = "-Owholemodule";
				VALIDATE_PRODUCT = YES;
			};
			name = Release;
		};
		D05A22281DAF2E0E00EB041C /* Debug */ = {
			isa = XCBuildConfiguration;
			buildSettings = {
				ASSETCATALOG_COMPILER_APPICON_NAME = AppIcon;
				ASSETCATALOG_COMPILER_LAUNCHIMAGE_NAME = "Brand Assets";
				DEVELOPMENT_TEAM = 9V6VDDSTH6;
				INFOPLIST_FILE = DYZBPractice/Info.plist;
				LD_RUNPATH_SEARCH_PATHS = "$(inherited) @executable_path/Frameworks";
				PRODUCT_BUNDLE_IDENTIFIER = com.lym.DYZBPractice;
				PRODUCT_NAME = "$(TARGET_NAME)";
				SWIFT_VERSION = 3.0;
			};
			name = Debug;
		};
		D05A22291DAF2E0E00EB041C /* Release */ = {
			isa = XCBuildConfiguration;
			buildSettings = {
				ASSETCATALOG_COMPILER_APPICON_NAME = AppIcon;
				ASSETCATALOG_COMPILER_LAUNCHIMAGE_NAME = "Brand Assets";
				DEVELOPMENT_TEAM = 9V6VDDSTH6;
				INFOPLIST_FILE = DYZBPractice/Info.plist;
				LD_RUNPATH_SEARCH_PATHS = "$(inherited) @executable_path/Frameworks";
				PRODUCT_BUNDLE_IDENTIFIER = com.lym.DYZBPractice;
				PRODUCT_NAME = "$(TARGET_NAME)";
				SWIFT_VERSION = 3.0;
			};
			name = Release;
		};
/* End XCBuildConfiguration section */

/* Begin XCConfigurationList section */
		D05A22101DAF2E0E00EB041C /* Build configuration list for PBXProject "DYZBPractice" */ = {
			isa = XCConfigurationList;
			buildConfigurations = (
				D05A22251DAF2E0E00EB041C /* Debug */,
				D05A22261DAF2E0E00EB041C /* Release */,
			);
			defaultConfigurationIsVisible = 0;
			defaultConfigurationName = Release;
		};
		D05A22271DAF2E0E00EB041C /* Build configuration list for PBXNativeTarget "DYZBPractice" */ = {
			isa = XCConfigurationList;
			buildConfigurations = (
				D05A22281DAF2E0E00EB041C /* Debug */,
				D05A22291DAF2E0E00EB041C /* Release */,
			);
			defaultConfigurationIsVisible = 0;
			defaultConfigurationName = Release;
		};
/* End XCConfigurationList section */
	};
	rootObject = D05A220D1DAF2E0E00EB041C /* Project object */;
}
