// !$*UTF8*$!
{
	archiveVersion = 1;
	classes = {
	};
	objectVersion = 46;
	objects = {

/* Begin PBXBuildFile section */
		D05A22191DAF2E0E00EB041C /* AppDelegate.swift in Sources */ = {isa = PBXBuildFile; fileRef = D05A22181DAF2E0E00EB041C /* AppDelegate.swift */; };
		D05A221B1DAF2E0E00EB041C /* ViewController.swift in Sources */ = {isa = PBXBuildFile; fileRef = D05A221A1DAF2E0E00EB041C /* ViewController.swift */; };
		D05A221E1DAF2E0E00EB041C /* Main.storyboard in Resources */ = {isa = PBXBuildFile; fileRef = D05A221C1DAF2E0E00EB041C /* Main.storyboard */; };
		D05A22201DAF2E0E00EB041C /* Assets.xcassets in Resources */ = {isa = PBXBuildFile; fileRef = D05A221F1DAF2E0E00EB041C /* Assets.xcassets */; };
		D05A22231DAF2E0E00EB041C /* LaunchScreen.storyboard in Resources */ = {isa = PBXBuildFile; fileRef = D05A22211DAF2E0E00EB041C /* LaunchScreen.storyboard */; };
/* End PBXBuildFile section */

/* Begin PBXFileReference section */
		D05A22151DAF2E0E00EB041C /* DYZBPractice.app */ = {isa = PBXFileReference; explicitFileType = wrapper.application; includeInIndex = 0; path = DYZBPractice.app; sourceTree = BUILT_PRODUCTS_DIR; };
		D05A22181DAF2E0E00EB041C /* AppDelegate.swift */ = {isa = PBXFileReference; lastKnownFileType = sourcecode.swift; path = AppDelegate.swift; sourceTree = "<group>"; };
		D05A221A1DAF2E0E00EB041C /* ViewController.swift */ = {isa = PBXFileReference; lastKnownFileType = sourcecode.swift; path = ViewController.swift; sourceTree = "<group>"; };
		D05A221D1DAF2E0E00EB041C /* Base */ = {isa = PBXFileReference; lastKnownFileType = file.storyboard; name = Base; path = Base.lproj/Main.storyboard; sourceTree = "<group>"; };
		D05A221F1DAF2E0E00EB041C /* Assets.xcassets */ = {isa = PBXFileReference; lastKnownFileType = folder.assetcatalog; path = Assets.xcassets; sourceTree = "<group>"; };
		D05A22221DAF2E0E00EB041C /* Base */ = {isa = PBXFileReference; lastKnownFileType = file.storyboard; name = Base; path = Base.lproj/LaunchScreen.storyboard; sourceTree = "<group>"; };
		D05A22241DAF2E0E00EB041C /* Info.plist */ = {isa = PBXFileReference; lastKnownFileType = text.plist.xml; path = Info.plist; sourceTree = "<group>"; };
/* End PBXFileReference section */

/* Begin PBXFrameworksBuildPhase section */
		D05A22121DAF2E0E00EB041C /* Frameworks */ = {
			isa = PBXFrameworksBuildPhase;
			buildActionMask = 2147483647;
			files = (
			);
			runOnlyForDeploymentPostprocessing = 0;
		};
/* End PBXFrameworksBuildPhase section */

/* Begin PBXGroup section */
		D05A220C1DAF2E0E00EB041C = {
			isa = PBXGroup;
			children = (
				D05A22171DAF2E0E00EB041C /* DYZBPractice */,
				D05A22161DAF2E0E00EB041C /* Products */,
			);
			sourceTree = "<group>";
		};
		D05A22161DAF2E0E00EB041C /* Products */ = {
			isa = PBXGroup;
			children = (
				D05A22151DAF2E0E00EB041C /* DYZBPractice.app */,
			);
			name = Products;
			sourceTree = "<group>";
		};
		D05A22171DAF2E0E00EB041C /* DYZBPractice */ = {
			isa = PBXGroup;
			children = (
				D05A22181DAF2E0E00EB041C /* AppDelegate.swift */,
				D05A221A1DAF2E0E00EB041C /* ViewController.swift */,
				D05A221C1DAF2E0E00EB041C /* Main.storyboard */,
				D05A221F1DAF2E0E00EB041C /* Assets.xcassets */,
				D05A22211DAF2E0E00EB041C /* LaunchScreen.storyboard */,
				D05A22241DAF2E0E00EB041C /* Info.plist */,
			);
			path = DYZBPractice;
			sourceTree = "<group>";
		};
/* End PBXGroup section */

/* Begin PBXNativeTarget section */
		D05A22141DAF2E0E00EB041C /* DYZBPractice */ = {
			isa = PBXNativeTarget;
			buildConfigurationList = D05A22271DAF2E0E00EB041C /* Build configuration list for PBXNativeTarget "DYZBPractice" */;
			buildPhases = (
				D05A22111DAF2E0E00EB041C /* Sources */,
				D05A22121DAF2E0E00EB041C /* Frameworks */,
				D05A22131DAF2E0E00EB041C /* Resources */,
			);
			buildRules = (
			);
			dependencies = (
			);
			name = DYZBPractice;
			productName = DYZBPractice;
			productReference = D05A22151DAF2E0E00EB041C /* DYZBPractice.app */;
			productType = "com.apple.product-type.application";
		};
/* End PBXNativeTarget section */

/* Begin PBXProject section */
		D05A220D1DAF2E0E00EB041C /* Project object */ = {
			isa = PBXProject;
			attributes = {
				LastSwiftUpdateCheck = 0800;
				LastUpgradeCheck = 0800;
				ORGANIZATIONNAME = peter;
				TargetAttributes = {
					D05A22141DAF2E0E00EB041C = {
						CreatedOnToolsVersion = 8.0;
						DevelopmentTeam = 9V6VDDSTH6;
						ProvisioningStyle = Automatic;
					};
				};
			};
			buildConfigurationList = D05A22101DAF2E0E00EB041C /* Build configuration list for PBXProject "DYZBPractice" */;
			compatibilityVersion = "Xcode 3.2";
			developmentRegion = English;
			hasScannedForEncodings = 0;
			knownRegions = (
				en,
				Base,
			);
			mainGroup = D05A220C1DAF2E0E00EB041C;
			productRefGroup = D05A22161DAF2E0E00EB041C /* Products */;
			projectDirPath = "";
			projectRoot = "";
			targets = (
				D05A22141DAF2E0E00EB041C /* DYZBPractice */,
			);
		};
/* End PBXProject section */

/* Begin PBXResourcesBuildPhase section */
		D05A22131DAF2E0E00EB041C /* Resources */ = {
			isa = PBXResourcesBuildPhase;
			buildActionMask = 2147483647;
			files = (
				D05A22231DAF2E0E00EB041C /* LaunchScreen.storyboard in Resources */,
				D05A22201DAF2E0E00EB041C /* Assets.xcassets in Resources */,
				D05A221E1DAF2E0E00EB041C /* Main.storyboard in Resources */,
			);
			runOnlyForDeploymentPostprocessing = 0;
		};
/* End PBXResourcesBuildPhase section */

/* Begin PBXSourcesBuildPhase section */
		D05A22111DAF2E0E00EB041C /* Sources */ = {
			isa = PBXSourcesBuildPhase;
			buildActionMask = 2147483647;
			files = (
				D05A221B1DAF2E0E00EB041C /* ViewController.swift in Sources */,
				D05A22191DAF2E0E00EB041C /* AppDelegate.swift in Sources */,
			);
			runOnlyForDeploymentPostprocessing = 0;
		};
/* End PBXSourcesBuildPhase section */

/* Begin PBXVariantGroup section */
		D05A221C1DAF2E0E00EB041C /* Main.storyboard */ = {
			isa = PBXVariantGroup;
			children = (
				D05A221D1DAF2E0E00EB041C /* Base */,
			);
			name = Main.storyboard;
			sourceTree = "<group>";
		};
		D05A22211DAF2E0E00EB041C /* LaunchScreen.storyboard */ = {
			isa = PBXVariantGroup;
			children = (
				D05A22221DAF2E0E00EB041C /* Base */,
			);
			name = LaunchScreen.storyboard;
			sourceTree = "<group>";
		};
/* End PBXVariantGroup section */

/* Begin XCBuildConfiguration section */
		D05A22251DAF2E0E00EB041C /* Debug */ = {
			isa = XCBuildConfiguration;
			buildSettings = {
				ALWAYS_SEARCH_USER_PATHS = NO;
				CLANG_ANALYZER_NONNULL = YES;
				CLANG_CXX_LANGUAGE_STANDARD = "gnu++0x";
				CLANG_CXX_LIBRARY = "libc++";
				CLANG_ENABLE_MODULES = YES;
				CLANG_ENABLE_OBJC_ARC = YES;
				CLANG_WARN_BOOL_CONVERSION = YES;
				CLANG_WARN_CONSTANT_CONVERSION = YES;
				CLANG_WARN_DIRECT_OBJC_ISA_USAGE = YES_ERROR;
				CLANG_WARN_DOCUMENTATION_COMMENTS = YES;
				CLANG_WARN_EMPTY_BODY = YES;
				CLANG_WARN_ENUM_CONVERSION = YES;
				CLANG_WARN_INFINITE_RECURSION = YES;
				CLANG_WARN_INT_CONVERSION = YES;
				CLANG_WARN_OBJC_ROOT_CLASS = YES_ERROR;
				CLANG_WARN_SUSPICIOUS_MOVES = YES;
				CLANG_WARN_UNREACHABLE_CODE = YES;
				CLANG_WARN__DUPLICATE_METHOD_MATCH = YES;
				"CODE_SIGN_IDENTITY[sdk=iphoneos*]" = "iPhone Developer";
				COPY_PHASE_STRIP = NO;
				DEBUG_INFORMATION_FORMAT = dwarf;
				ENABLE_STRICT_OBJC_MSGSEND = YES;
				ENABLE_TESTABILITY = YES;
				GCC_C_LANGUAGE_STANDARD = gnu99;
				GCC_DYNAMIC_NO_PIC = NO;
				GCC_NO_COMMON_BLOCKS = YES;
				GCC_OPTIMIZATION_LEVEL = 0;
				GCC_PREPROCESSOR_DEFINITIONS = (
					"DEBUG=1",
					"$(inherited)",
				);
				GCC_WARN_64_TO_32_BIT_CONVERSION = YES;
				GCC_WARN_ABOUT_RETURN_TYPE = YES_ERROR;
				GCC_WARN_UNDECLARED_SELECTOR = YES;
				GCC_WARN_UNINITIALIZED_AUTOS = YES_AGGRESSIVE;
				GCC_WARN_UNUSED_FUNCTION = YES;
				GCC_WARN_UNUSED_VARIABLE = YES;
				IPHONEOS_DEPLOYMENT_TARGET = 10.0;
				MTL_ENABLE_DEBUG_INFO = YES;
				ONLY_ACTIVE_ARCH = YES;
				SDKROOT = iphoneos;
				SWIFT_ACTIVE_COMPILATION_CONDITIONS = DEBUG;
				SWIFT_OPTIMIZATION_LEVEL = "-Onone";
			};
			name = Debug;
		};
		D05A22261DAF2E0E00EB041C /* Release */ = {
			isa = XCBuildConfiguration;
			buildSettings = {
				ALWAYS_SEARCH_USER_PATHS = NO;
				CLANG_ANALYZER_NONNULL = YES;
				CLANG_CXX_LANGUAGE_STANDARD = "gnu++0x";
				CLANG_CXX_LIBRARY = "libc++";
				CLANG_ENABLE_MODULES = YES;
				CLANG_ENABLE_OBJC_ARC = YES;
				CLANG_WARN_BOOL_CONVERSION = YES;
				CLANG_WARN_CONSTANT_CONVERSION = YES;
				CLANG_WARN_DIRECT_OBJC_ISA_USAGE = YES_ERROR;
				CLANG_WARN_DOCUMENTATION_COMMENTS = YES;
				CLANG_WARN_EMPTY_BODY = YES;
				CLANG_WARN_ENUM_CONVERSION = YES;
				CLANG_WARN_INFINITE_RECURSION = YES;
				CLANG_WARN_INT_CONVERSION = YES;
				CLANG_WARN_OBJC_ROOT_CLASS = YES_ERROR;
				CLANG_WARN_SUSPICIOUS_MOVES = YES;
				CLANG_WARN_UNREACHABLE_CODE = YES;
				CLANG_WARN__DUPLICATE_METHOD_MATCH = YES;
				"CODE_SIGN_IDENTITY[sdk=iphoneos*]" = "iPhone Developer";
				COPY_PHASE_STRIP = NO;
				DEBUG_INFORMATION_FORMAT = "dwarf-with-dsym";
				ENABLE_NS_ASSERTIONS = NO;
				ENABLE_STRICT_OBJC_MSGSEND = YES;
				GCC_C_LANGUAGE_STANDARD = gnu99;
				GCC_NO_COMMON_BLOCKS = YES;
				GCC_WARN_64_TO_32_BIT_CONVERSION = YES;
				GCC_WARN_ABOUT_RETURN_TYPE = YES_ERROR;
				GCC_WARN_UNDECLARED_SELECTOR = YES;
				GCC_WARN_UNINITIALIZED_AUTOS = YES_AGGRESSIVE;
				GCC_WARN_UNUSED_FUNCTION = YES;
				GCC_WARN_UNUSED_VARIABLE = YES;
				IPHONEOS_DEPLOYMENT_TARGET = 10.0;
				MTL_ENABLE_DEBUG_INFO = NO;
				SDKROOT = iphoneos;
				SWIFT_OPTIMIZATION_LEVEL = "-Owholemodule";
				VALIDATE_PRODUCT = YES;
			};
			name = Release;
		};
		D05A22281DAF2E0E00EB041C /* Debug */ = {
			isa = XCBuildConfiguration;
			buildSettings = {
				ASSETCATALOG_COMPILER_APPICON_NAME = AppIcon;
				DEVELOPMENT_TEAM = 9V6VDDSTH6;
				INFOPLIST_FILE = DYZBPractice/Info.plist;
				LD_RUNPATH_SEARCH_PATHS = "$(inherited) @executable_path/Frameworks";
				PRODUCT_BUNDLE_IDENTIFIER = com.lym.DYZBPractice;
				PRODUCT_NAME = "$(TARGET_NAME)";
				SWIFT_VERSION = 3.0;
			};
			name = Debug;
		};
		D05A22291DAF2E0E00EB041C /* Release */ = {
			isa = XCBuildConfiguration;
			buildSettings = {
				ASSETCATALOG_COMPILER_APPICON_NAME = AppIcon;
				DEVELOPMENT_TEAM = 9V6VDDSTH6;
				INFOPLIST_FILE = DYZBPractice/Info.plist;
				LD_RUNPATH_SEARCH_PATHS = "$(inherited) @executable_path/Frameworks";
				PRODUCT_BUNDLE_IDENTIFIER = com.lym.DYZBPractice;
				PRODUCT_NAME = "$(TARGET_NAME)";
				SWIFT_VERSION = 3.0;
			};
			name = Release;
		};
/* End XCBuildConfiguration section */

/* Begin XCConfigurationList section */
		D05A22101DAF2E0E00EB041C /* Build configuration list for PBXProject "DYZBPractice" */ = {
			isa = XCConfigurationList;
			buildConfigurations = (
				D05A22251DAF2E0E00EB041C /* Debug */,
				D05A22261DAF2E0E00EB041C /* Release */,
			);
			defaultConfigurationIsVisible = 0;
			defaultConfigurationName = Release;
		};
		D05A22271DAF2E0E00EB041C /* Build configuration list for PBXNativeTarget "DYZBPractice" */ = {
			isa = XCConfigurationList;
			buildConfigurations = (
				D05A22281DAF2E0E00EB041C /* Debug */,
				D05A22291DAF2E0E00EB041C /* Release */,
			);
			defaultConfigurationIsVisible = 0;
		};
/* End XCConfigurationList section */
	};
	rootObject = D05A220D1DAF2E0E00EB041C /* Project object */;
}
